{
  "R": {
    "Version": "4.5.1",
    "Repositories": [
      {
        "Name": "CRAN",
        "URL": "https://cloud.r-project.org"
      }
    ]
  },
  "Packages": {
    "Matrix": {
      "Package": "Matrix",
      "Version": "1.7-4",
      "Source": "Repository",
      "VersionNote": "do also bump src/version.h, inst/include/Matrix/version.h",
      "Date": "2025-08-27",
      "Priority": "recommended",
      "Title": "Sparse and Dense Matrix Classes and Methods",
      "Description": "A rich hierarchy of sparse and dense matrix classes, including general, symmetric, triangular, and diagonal matrices with numeric, logical, or pattern entries.  Efficient methods for operating on such matrices, often wrapping the 'BLAS', 'LAPACK', and 'SuiteSparse' libraries.",
      "License": "GPL (>= 2) | file LICENCE",
      "URL": "https://Matrix.R-forge.R-project.org",
      "BugReports": "https://R-forge.R-project.org/tracker/?atid=294&group_id=61",
      "Contact": "Matrix-authors@R-project.org",
      "Authors@R": "c(person(\"Douglas\", \"Bates\", role = \"aut\", comment = c(ORCID = \"0000-0001-8316-9503\")), person(\"Martin\", \"Maechler\", role = c(\"aut\", \"cre\"), email = \"mmaechler+Matrix@gmail.com\", comment = c(ORCID = \"0000-0002-8685-9910\")), person(\"Mikael\", \"Jagan\", role = \"aut\", comment = c(ORCID = \"0000-0002-3542-2938\")), person(\"Timothy A.\", \"Davis\", role = \"ctb\", comment = c(ORCID = \"0000-0001-7614-6899\", \"SuiteSparse libraries\", \"collaborators listed in dir(system.file(\\\"doc\\\", \\\"SuiteSparse\\\", package=\\\"Matrix\\\"), pattern=\\\"License\\\", full.names=TRUE, recursive=TRUE)\")), person(\"George\", \"Karypis\", role = \"ctb\", comment = c(ORCID = \"0000-0003-2753-1437\", \"METIS library\", \"Copyright: Regents of the University of Minnesota\")), person(\"Jason\", \"Riedy\", role = \"ctb\", comment = c(ORCID = \"0000-0002-4345-4200\", \"GNU Octave's condest() and onenormest()\", \"Copyright: Regents of the University of California\")), person(\"Jens\", \"Oehlschlägel\", role = \"ctb\", comment = \"initial nearPD()\"), person(\"R Core Team\", role = \"ctb\", comment = c(ROR = \"02zz1nj61\", \"base R's matrix implementation\")))",
      "Depends": [
        "R (>= 4.4)",
        "methods"
      ],
      "Imports": [
        "grDevices",
        "graphics",
        "grid",
        "lattice",
        "stats",
        "utils"
      ],
      "Suggests": [
        "MASS",
        "datasets",
        "sfsmisc",
        "tools"
      ],
      "Enhances": [
        "SparseM",
        "graph"
      ],
      "LazyData": "no",
      "LazyDataNote": "not possible, since we use data/*.R and our S4 classes",
      "BuildResaveData": "no",
      "Encoding": "UTF-8",
      "NeedsCompilation": "yes",
      "Author": "Douglas Bates [aut] (ORCID: <https://orcid.org/0000-0001-8316-9503>), Martin Maechler [aut, cre] (ORCID: <https://orcid.org/0000-0002-8685-9910>), Mikael Jagan [aut] (ORCID: <https://orcid.org/0000-0002-3542-2938>), Timothy A. Davis [ctb] (ORCID: <https://orcid.org/0000-0001-7614-6899>, SuiteSparse libraries, collaborators listed in dir(system.file(\"doc\", \"SuiteSparse\", package=\"Matrix\"), pattern=\"License\", full.names=TRUE, recursive=TRUE)), George Karypis [ctb] (ORCID: <https://orcid.org/0000-0003-2753-1437>, METIS library, Copyright: Regents of the University of Minnesota), Jason Riedy [ctb] (ORCID: <https://orcid.org/0000-0002-4345-4200>, GNU Octave's condest() and onenormest(), Copyright: Regents of the University of California), Jens Oehlschlägel [ctb] (initial nearPD()), R Core Team [ctb] (ROR: <https://ror.org/02zz1nj61>, base R's matrix implementation)",
      "Maintainer": "Martin Maechler <mmaechler+Matrix@gmail.com>",
      "Repository": "CRAN"
    },
    "R6": {
      "Package": "R6",
      "Version": "2.6.1",
      "Source": "Repository",
      "Title": "Encapsulated Classes with Reference Semantics",
      "Authors@R": "c( person(\"Winston\", \"Chang\", , \"winston@posit.co\", role = c(\"aut\", \"cre\")), person(\"Posit Software, PBC\", role = c(\"cph\", \"fnd\")) )",
      "Description": "Creates classes with reference semantics, similar to R's built-in reference classes. Compared to reference classes, R6 classes are simpler and lighter-weight, and they are not built on S4 classes so they do not require the methods package. These classes allow public and private members, and they support inheritance, even when the classes are defined in different packages.",
      "License": "MIT + file LICENSE",
      "URL": "https://r6.r-lib.org, https://github.com/r-lib/R6",
      "BugReports": "https://github.com/r-lib/R6/issues",
      "Depends": [
        "R (>= 3.6)"
      ],
      "Suggests": [
        "lobstr",
        "testthat (>= 3.0.0)"
      ],
      "Config/Needs/website": "tidyverse/tidytemplate, ggplot2, microbenchmark, scales",
      "Config/testthat/edition": "3",
      "Encoding": "UTF-8",
      "RoxygenNote": "7.3.2",
      "NeedsCompilation": "no",
      "Author": "Winston Chang [aut, cre], Posit Software, PBC [cph, fnd]",
      "Maintainer": "Winston Chang <winston@posit.co>",
      "Repository": "CRAN"
    },
    "cli": {
      "Package": "cli",
      "Version": "3.6.5",
      "Source": "Repository",
      "Title": "Helpers for Developing Command Line Interfaces",
      "Authors@R": "c( person(\"Gábor\", \"Csárdi\", , \"gabor@posit.co\", role = c(\"aut\", \"cre\")), person(\"Hadley\", \"Wickham\", role = \"ctb\"), person(\"Kirill\", \"Müller\", role = \"ctb\"), person(\"Salim\", \"Brüggemann\", , \"salim-b@pm.me\", role = \"ctb\", comment = c(ORCID = \"0000-0002-5329-5987\")), person(\"Posit Software, PBC\", role = c(\"cph\", \"fnd\")) )",
      "Description": "A suite of tools to build attractive command line interfaces ('CLIs'), from semantic elements: headings, lists, alerts, paragraphs, etc. Supports custom themes via a 'CSS'-like language. It also contains a number of lower level 'CLI' elements: rules, boxes, trees, and 'Unicode' symbols with 'ASCII' alternatives. It support ANSI colors and text styles as well.",
      "License": "MIT + file LICENSE",
      "URL": "https://cli.r-lib.org, https://github.com/r-lib/cli",
      "BugReports": "https://github.com/r-lib/cli/issues",
      "Depends": [
        "R (>= 3.4)"
      ],
      "Imports": [
        "utils"
      ],
      "Suggests": [
        "callr",
        "covr",
        "crayon",
        "digest",
        "glue (>= 1.6.0)",
        "grDevices",
        "htmltools",
        "htmlwidgets",
        "knitr",
        "methods",
        "processx",
        "ps (>= 1.3.4.9000)",
        "rlang (>= 1.0.2.9003)",
        "rmarkdown",
        "rprojroot",
        "rstudioapi",
        "testthat (>= 3.2.0)",
        "tibble",
        "whoami",
        "withr"
      ],
      "Config/Needs/website": "r-lib/asciicast, bench, brio, cpp11, decor, desc, fansi, prettyunits, sessioninfo, tidyverse/tidytemplate, usethis, vctrs",
      "Config/testthat/edition": "3",
      "Encoding": "UTF-8",
      "RoxygenNote": "7.3.2",
      "NeedsCompilation": "yes",
      "Author": "Gábor Csárdi [aut, cre], Hadley Wickham [ctb], Kirill Müller [ctb], Salim Brüggemann [ctb] (<https://orcid.org/0000-0002-5329-5987>), Posit Software, PBC [cph, fnd]",
      "Maintainer": "Gábor Csárdi <gabor@posit.co>",
      "Repository": "CRAN"
    },
    "coda": {
      "Package": "coda",
      "Version": "0.19-4.1",
      "Source": "Repository",
      "Date": "2020-09-30",
      "Title": "Output Analysis and Diagnostics for MCMC",
      "Authors@R": "c(person(\"Martyn\", \"Plummer\", role=c(\"aut\",\"cre\",\"trl\"), email=\"martyn.plummer@gmail.com\"), person(\"Nicky\", \"Best\", role=\"aut\"), person(\"Kate\", \"Cowles\", role=\"aut\"), person(\"Karen\", \"Vines\", role=\"aut\"), person(\"Deepayan\", \"Sarkar\", role=\"aut\"), person(\"Douglas\", \"Bates\", role=\"aut\"), person(\"Russell\", \"Almond\", role=\"aut\"), person(\"Arni\", \"Magnusson\", role=\"aut\"))",
      "Depends": [
        "R (>= 2.14.0)"
      ],
      "Imports": [
        "lattice"
      ],
      "Description": "Provides functions for summarizing and plotting the output from Markov Chain Monte Carlo (MCMC) simulations, as well as diagnostic tests of convergence to the equilibrium distribution of the Markov chain.",
      "License": "GPL (>= 2)",
      "NeedsCompilation": "no",
      "Author": "Martyn Plummer [aut, cre, trl], Nicky Best [aut], Kate Cowles [aut], Karen Vines [aut], Deepayan Sarkar [aut], Douglas Bates [aut], Russell Almond [aut], Arni Magnusson [aut]",
      "Maintainer": "Martyn Plummer <martyn.plummer@gmail.com>",
      "Repository": "CRAN"
    },
    "cpp11": {
      "Package": "cpp11",
      "Version": "0.5.2",
      "Source": "Repository",
      "Title": "A C++11 Interface for R's C Interface",
      "Authors@R": "c( person(\"Davis\", \"Vaughan\", email = \"davis@posit.co\", role = c(\"aut\", \"cre\"), comment = c(ORCID = \"0000-0003-4777-038X\")), person(\"Jim\",\"Hester\", role = \"aut\", comment = c(ORCID = \"0000-0002-2739-7082\")), person(\"Romain\", \"François\", role = \"aut\", comment = c(ORCID = \"0000-0002-2444-4226\")), person(\"Benjamin\", \"Kietzman\", role = \"ctb\"), person(\"Posit Software, PBC\", role = c(\"cph\", \"fnd\")) )",
      "Description": "Provides a header only, C++11 interface to R's C interface.  Compared to other approaches 'cpp11' strives to be safe against long jumps from the C API as well as C++ exceptions, conform to normal R function semantics and supports interaction with 'ALTREP' vectors.",
      "License": "MIT + file LICENSE",
      "URL": "https://cpp11.r-lib.org, https://github.com/r-lib/cpp11",
      "BugReports": "https://github.com/r-lib/cpp11/issues",
      "Depends": [
        "R (>= 4.0.0)"
      ],
      "Suggests": [
        "bench",
        "brio",
        "callr",
        "cli",
        "covr",
        "decor",
        "desc",
        "ggplot2",
        "glue",
        "knitr",
        "lobstr",
        "mockery",
        "progress",
        "rmarkdown",
        "scales",
        "Rcpp",
        "testthat (>= 3.2.0)",
        "tibble",
        "utils",
        "vctrs",
        "withr"
      ],
      "VignetteBuilder": "knitr",
      "Config/Needs/website": "tidyverse/tidytemplate",
      "Config/testthat/edition": "3",
      "Config/Needs/cpp11/cpp_register": "brio, cli, decor, desc, glue, tibble, vctrs",
      "Encoding": "UTF-8",
      "RoxygenNote": "7.3.2",
      "NeedsCompilation": "no",
      "Author": "Davis Vaughan [aut, cre] (<https://orcid.org/0000-0003-4777-038X>), Jim Hester [aut] (<https://orcid.org/0000-0002-2739-7082>), Romain François [aut] (<https://orcid.org/0000-0002-2444-4226>), Benjamin Kietzman [ctb], Posit Software, PBC [cph, fnd]",
      "Maintainer": "Davis Vaughan <davis@posit.co>",
      "Repository": "CRAN"
    },
    "glue": {
      "Package": "glue",
      "Version": "1.8.0",
      "Source": "Repository",
      "Title": "Interpreted String Literals",
      "Authors@R": "c( person(\"Jim\", \"Hester\", role = \"aut\", comment = c(ORCID = \"0000-0002-2739-7082\")), person(\"Jennifer\", \"Bryan\", , \"jenny@posit.co\", role = c(\"aut\", \"cre\"), comment = c(ORCID = \"0000-0002-6983-2759\")), person(\"Posit Software, PBC\", role = c(\"cph\", \"fnd\")) )",
      "Description": "An implementation of interpreted string literals, inspired by Python's Literal String Interpolation <https://www.python.org/dev/peps/pep-0498/> and Docstrings <https://www.python.org/dev/peps/pep-0257/> and Julia's Triple-Quoted String Literals <https://docs.julialang.org/en/v1.3/manual/strings/#Triple-Quoted-String-Literals-1>.",
      "License": "MIT + file LICENSE",
      "URL": "https://glue.tidyverse.org/, https://github.com/tidyverse/glue",
      "BugReports": "https://github.com/tidyverse/glue/issues",
      "Depends": [
        "R (>= 3.6)"
      ],
      "Imports": [
        "methods"
      ],
      "Suggests": [
        "crayon",
        "DBI (>= 1.2.0)",
        "dplyr",
        "knitr",
        "magrittr",
        "rlang",
        "rmarkdown",
        "RSQLite",
        "testthat (>= 3.2.0)",
        "vctrs (>= 0.3.0)",
        "waldo (>= 0.5.3)",
        "withr"
      ],
      "VignetteBuilder": "knitr",
      "ByteCompile": "true",
      "Config/Needs/website": "bench, forcats, ggbeeswarm, ggplot2, R.utils, rprintf, tidyr, tidyverse/tidytemplate",
      "Config/testthat/edition": "3",
      "Encoding": "UTF-8",
      "RoxygenNote": "7.3.2",
      "NeedsCompilation": "yes",
      "Author": "Jim Hester [aut] (<https://orcid.org/0000-0002-2739-7082>), Jennifer Bryan [aut, cre] (<https://orcid.org/0000-0002-6983-2759>), Posit Software, PBC [cph, fnd]",
      "Maintainer": "Jennifer Bryan <jenny@posit.co>",
      "Repository": "CRAN"
    },
    "igraph": {
      "Package": "igraph",
      "Version": "2.2.1",
      "Source": "Repository",
      "Title": "Network Analysis and Visualization",
      "Authors@R": "c( person(\"Gábor\", \"Csárdi\", , \"csardi.gabor@gmail.com\", role = \"aut\", comment = c(ORCID = \"0000-0001-7098-9676\")), person(\"Tamás\", \"Nepusz\", , \"ntamas@gmail.com\", role = \"aut\", comment = c(ORCID = \"0000-0002-1451-338X\")), person(\"Vincent\", \"Traag\", role = \"aut\", comment = c(ORCID = \"0000-0003-3170-3879\")), person(\"Szabolcs\", \"Horvát\", , \"szhorvat@gmail.com\", role = \"aut\", comment = c(ORCID = \"0000-0002-3100-523X\")), person(\"Fabio\", \"Zanini\", , \"fabio.zanini@unsw.edu.au\", role = \"aut\", comment = c(ORCID = \"0000-0001-7097-8539\")), person(\"Daniel\", \"Noom\", role = \"aut\"), person(\"Kirill\", \"Müller\", , \"kirill@cynkra.com\", role = c(\"aut\", \"cre\"), comment = c(ORCID = \"0000-0002-1416-3412\")), person(\"Michael\", \"Antonov\", role = \"ctb\"), person(\"Chan Zuckerberg Initiative\", role = \"fnd\", comment = c(ROR = \"02qenvm24\")), person(\"David\", \"Schoch\", , \"david.schoch@cynkra.com\", role = \"aut\", comment = c(ORCID = \"0000-0003-2952-4812\")), person(\"Maëlle\", \"Salmon\", , \"maelle@cynkra.com\", role = \"aut\", comment = c(ORCID = \"0000-0002-2815-0399\")) )",
      "Description": "Routines for simple graphs and network analysis. It can handle large graphs very well and provides functions for generating random and regular graphs, graph visualization, centrality methods and much more.",
      "License": "GPL (>= 2)",
      "URL": "https://r.igraph.org/, https://igraph.org/, https://igraph.discourse.group/",
      "BugReports": "https://github.com/igraph/rigraph/issues",
      "Depends": [
        "methods",
        "R (>= 3.5.0)"
      ],
      "Imports": [
        "cli",
        "graphics",
        "grDevices",
        "lifecycle",
        "magrittr",
        "Matrix",
        "pkgconfig (>= 2.0.0)",
        "rlang (>= 1.1.0)",
        "stats",
        "utils",
        "vctrs"
      ],
      "Suggests": [
        "ape (>= 5.7-0.1)",
        "callr",
        "decor",
        "digest",
        "igraphdata",
        "knitr",
        "rgl (>= 1.3.14)",
        "rmarkdown",
        "scales",
        "stats4",
        "tcltk",
        "testthat",
        "vdiffr",
        "withr"
      ],
      "Enhances": [
        "graph"
      ],
      "LinkingTo": [
        "cpp11 (>= 0.5.0)"
      ],
      "VignetteBuilder": "knitr",
      "Config/build/compilation-database": "false",
      "Config/build/never-clean": "true",
      "Config/comment/compilation-database": "Generate manually with pkgload:::generate_db() for faster pkgload::load_all()",
      "Config/Needs/build": "r-lib/roxygen2, devtools, irlba, pkgconfig, igraph/igraph.r2cdocs, moodymudskipper/devtag",
      "Config/Needs/coverage": "covr",
      "Config/Needs/website": "here, readr, tibble, xmlparsedata, xml2",
      "Config/testthat/edition": "3",
      "Config/testthat/parallel": "true",
      "Config/testthat/start-first": "aaa-auto, vs-es, scan, vs-operators, weakref, watts.strogatz.game",
      "Encoding": "UTF-8",
      "RoxygenNote": "7.3.3.9000",
      "SystemRequirements": "libxml2 (optional), glpk (>= 4.57, optional)",
      "NeedsCompilation": "yes",
      "Author": "Gábor Csárdi [aut] (ORCID: <https://orcid.org/0000-0001-7098-9676>), Tamás Nepusz [aut] (ORCID: <https://orcid.org/0000-0002-1451-338X>), Vincent Traag [aut] (ORCID: <https://orcid.org/0000-0003-3170-3879>), Szabolcs Horvát [aut] (ORCID: <https://orcid.org/0000-0002-3100-523X>), Fabio Zanini [aut] (ORCID: <https://orcid.org/0000-0001-7097-8539>), Daniel Noom [aut], Kirill Müller [aut, cre] (ORCID: <https://orcid.org/0000-0002-1416-3412>), Michael Antonov [ctb], Chan Zuckerberg Initiative [fnd] (ROR: <https://ror.org/02qenvm24>), David Schoch [aut] (ORCID: <https://orcid.org/0000-0003-2952-4812>), Maëlle Salmon [aut] (ORCID: <https://orcid.org/0000-0002-2815-0399>)",
      "Maintainer": "Kirill Müller <kirill@cynkra.com>",
      "Repository": "CRAN"
    },
    "lattice": {
      "Package": "lattice",
      "Version": "0.22-7",
      "Source": "Repository",
      "Date": "2025-03-31",
      "Priority": "recommended",
      "Title": "Trellis Graphics for R",
      "Authors@R": "c(person(\"Deepayan\", \"Sarkar\", role = c(\"aut\", \"cre\"), email = \"deepayan.sarkar@r-project.org\", comment = c(ORCID = \"0000-0003-4107-1553\")), person(\"Felix\", \"Andrews\", role = \"ctb\"), person(\"Kevin\", \"Wright\", role = \"ctb\", comment = \"documentation\"), person(\"Neil\", \"Klepeis\", role = \"ctb\"), person(\"Johan\", \"Larsson\", role = \"ctb\", comment = \"miscellaneous improvements\"), person(\"Zhijian (Jason)\", \"Wen\", role = \"cph\", comment = \"filled contour code\"), person(\"Paul\", \"Murrell\", role = \"ctb\", email = \"paul@stat.auckland.ac.nz\"), person(\"Stefan\", \"Eng\", role = \"ctb\", comment = \"violin plot improvements\"), person(\"Achim\", \"Zeileis\", role = \"ctb\", comment = \"modern colors\"), person(\"Alexandre\", \"Courtiol\", role = \"ctb\", comment = \"generics for larrows, lpolygon, lrect and lsegments\") )",
      "Description": "A powerful and elegant high-level data visualization system inspired by Trellis graphics, with an emphasis on multivariate data. Lattice is sufficient for typical graphics needs, and is also flexible enough to handle most nonstandard requirements. See ?Lattice for an introduction.",
      "Depends": [
        "R (>= 4.0.0)"
      ],
      "Suggests": [
        "KernSmooth",
        "MASS",
        "latticeExtra",
        "colorspace"
      ],
      "Imports": [
        "grid",
        "grDevices",
        "graphics",
        "stats",
        "utils"
      ],
      "Enhances": [
        "chron",
        "zoo"
      ],
      "LazyLoad": "yes",
      "LazyData": "yes",
      "License": "GPL (>= 2)",
      "URL": "https://lattice.r-forge.r-project.org/",
      "BugReports": "https://github.com/deepayan/lattice/issues",
      "NeedsCompilation": "yes",
      "Author": "Deepayan Sarkar [aut, cre] (<https://orcid.org/0000-0003-4107-1553>), Felix Andrews [ctb], Kevin Wright [ctb] (documentation), Neil Klepeis [ctb], Johan Larsson [ctb] (miscellaneous improvements), Zhijian (Jason) Wen [cph] (filled contour code), Paul Murrell [ctb], Stefan Eng [ctb] (violin plot improvements), Achim Zeileis [ctb] (modern colors), Alexandre Courtiol [ctb] (generics for larrows, lpolygon, lrect and lsegments)",
      "Maintainer": "Deepayan Sarkar <deepayan.sarkar@r-project.org>",
      "Repository": "CRAN"
    },
    "lifecycle": {
      "Package": "lifecycle",
      "Version": "1.0.4",
      "Source": "Repository",
      "Title": "Manage the Life Cycle of your Package Functions",
      "Authors@R": "c( person(\"Lionel\", \"Henry\", , \"lionel@posit.co\", role = c(\"aut\", \"cre\")), person(\"Hadley\", \"Wickham\", , \"hadley@posit.co\", role = \"aut\", comment = c(ORCID = \"0000-0003-4757-117X\")), person(\"Posit Software, PBC\", role = c(\"cph\", \"fnd\")) )",
      "Description": "Manage the life cycle of your exported functions with shared conventions, documentation badges, and user-friendly deprecation warnings.",
      "License": "MIT + file LICENSE",
      "URL": "https://lifecycle.r-lib.org/, https://github.com/r-lib/lifecycle",
      "BugReports": "https://github.com/r-lib/lifecycle/issues",
      "Depends": [
        "R (>= 3.6)"
      ],
      "Imports": [
        "cli (>= 3.4.0)",
        "glue",
        "rlang (>= 1.1.0)"
      ],
      "Suggests": [
        "covr",
        "crayon",
        "knitr",
        "lintr",
        "rmarkdown",
        "testthat (>= 3.0.1)",
        "tibble",
        "tidyverse",
        "tools",
        "vctrs",
        "withr"
      ],
      "VignetteBuilder": "knitr",
      "Config/Needs/website": "tidyverse/tidytemplate, usethis",
      "Config/testthat/edition": "3",
      "Encoding": "UTF-8",
      "RoxygenNote": "7.2.1",
      "NeedsCompilation": "no",
      "Author": "Lionel Henry [aut, cre], Hadley Wickham [aut] (<https://orcid.org/0000-0003-4757-117X>), Posit Software, PBC [cph, fnd]",
      "Maintainer": "Lionel Henry <lionel@posit.co>",
      "Repository": "CRAN"
    },
    "magrittr": {
      "Package": "magrittr",
      "Version": "2.0.3",
      "Source": "Repository",
      "Type": "Package",
      "Title": "A Forward-Pipe Operator for R",
      "Authors@R": "c( person(\"Stefan Milton\", \"Bache\", , \"stefan@stefanbache.dk\", role = c(\"aut\", \"cph\"), comment = \"Original author and creator of magrittr\"), person(\"Hadley\", \"Wickham\", , \"hadley@rstudio.com\", role = \"aut\"), person(\"Lionel\", \"Henry\", , \"lionel@rstudio.com\", role = \"cre\"), person(\"RStudio\", role = c(\"cph\", \"fnd\")) )",
      "Description": "Provides a mechanism for chaining commands with a new forward-pipe operator, %>%. This operator will forward a value, or the result of an expression, into the next function call/expression. There is flexible support for the type of right-hand side expressions. For more information, see package vignette.  To quote Rene Magritte, \"Ceci n'est pas un pipe.\"",
      "License": "MIT + file LICENSE",
      "URL": "https://magrittr.tidyverse.org, https://github.com/tidyverse/magrittr",
      "BugReports": "https://github.com/tidyverse/magrittr/issues",
      "Depends": [
        "R (>= 3.4.0)"
      ],
      "Suggests": [
        "covr",
        "knitr",
        "rlang",
        "rmarkdown",
        "testthat"
      ],
      "VignetteBuilder": "knitr",
      "ByteCompile": "Yes",
      "Config/Needs/website": "tidyverse/tidytemplate",
      "Encoding": "UTF-8",
      "RoxygenNote": "7.1.2",
      "NeedsCompilation": "yes",
      "Author": "Stefan Milton Bache [aut, cph] (Original author and creator of magrittr), Hadley Wickham [aut], Lionel Henry [cre], RStudio [cph, fnd]",
      "Maintainer": "Lionel Henry <lionel@rstudio.com>",
      "Repository": "CRAN"
    },
    "nimble": {
      "Package": "nimble",
      "Version": "1.3.0",
      "Source": "Repository",
      "Title": "MCMC, Particle Filtering, and Programmable Hierarchical Modeling",
      "Description": "A system for writing hierarchical statistical models largely compatible with 'BUGS' and 'JAGS', writing nimbleFunctions to operate models and do basic R-style math, and compiling both models and nimbleFunctions via custom-generated C++. 'NIMBLE' includes default methods for MCMC, Laplace Approximation, Monte Carlo Expectation Maximization, and some other tools. The nimbleFunction system makes it easy to do things like implement new MCMC samplers from R, customize the assignment of samplers to different parts of a model from R, and compile the new samplers automatically via C++ alongside the samplers 'NIMBLE' provides. 'NIMBLE' extends the 'BUGS'/'JAGS' language by making it extensible: New distributions and functions can be added, including as calls to external compiled code. Although most people think of MCMC as the main goal of the 'BUGS'/'JAGS' language for writing models, one can use 'NIMBLE' for writing arbitrary other kinds of model-generic algorithms as well. A full User Manual is available at <https://r-nimble.org>.",
      "Date": "2024-12-17",
      "Maintainer": "Christopher Paciorek <paciorek@stat.berkeley.edu>",
      "Authors@R": "c( person(\"Perry\", \"de Valpine\", role = \"aut\"), person(\"Christopher\", \"Paciorek\", , \"paciorek@stat.berkeley.edu\", role = c(\"aut\", \"cre\")), person(\"Daniel\", \"Turek\", role = \"aut\"), person(\"Nick\", \"Michaud\", role = \"aut\"), person(\"Cliff\", \"Anderson-Bergman\", role = \"aut\"), person(\"Fritz\", \"Obermeyer\", role = \"aut\"), person(\"Claudia\", \"Wehrhahn Cortes\", role = \"aut\", comment = \"Bayesian nonparametrics system\"), person(\"Abel\", \"Rodr\\u00edguez\", role = \"aut\", comment = \"Bayesian nonparametrics system\"), person(\"Duncan\", \"Temple Lang\", role = \"aut\", comment = \"packaging configuration\"), person(\"Wei\", \"Zhang\", role = \"aut\", comment = \"Laplace approximation\"), person(\"Sally\", \"Paganin\", role = \"aut\", comment = \"reversible jump MCMC\"), person(\"Joshua\", \"Hug\", role = \"aut\", comment = \"WAIC\"), person(\"Paul\", \"van Dam-Bates\", role = \"aut\", comment = \"AGHQ approximation, P\\u00f3lya-Gamma sampler, nimIntegrate\"), person(\"Jagadish\", \"Babu\", role = \"ctb\", comment = \"code for the compilation system for an early version of NIMBLE\"), person(\"Lauren\", \"Ponisio\", role = \"ctb\", comment = \"contributions to the cross-validation code\"), person(\"Peter\", \"Sujan\", role = \"ctb\", comment = \"multivariate t distribution code\") )",
      "Depends": [
        "R (>= 3.1.2)"
      ],
      "Imports": [
        "methods",
        "igraph",
        "coda",
        "R6",
        "pracma",
        "numDeriv"
      ],
      "Suggests": [
        "testthat",
        "mcmcse",
        "nloptr"
      ],
      "URL": "https://r-nimble.org, https://github.com/nimble-dev/nimble",
      "BugReports": "https://github.com/nimble-dev/nimble/issues",
      "SystemRequirements": "GNU make",
      "License": "BSD_3_clause + file LICENSE | GPL (>= 2)",
      "Copyright": "See COPYRIGHTS file.",
      "Note": "For convenience, the package includes the necessary header files for the Eigen distribution. (This is all that is needed to use that functionality.) You can use an alternative installation of Eigen on your system or the one we provide. The license for the Eigen code is very permissive and allows us to distribute it with this package. See <http://eigen.tuxfamily.org/index.php? title=Main_Page> and also the License section on that page.",
      "Encoding": "UTF-8",
      "Collate": "config.R all_utils.R options.R distributions_inputList.R distributions_processInputList.R distributions_implementations.R BUGS_BUGSdecl.R BUGS_contexts.R BUGS_nimbleGraph.R BUGS_modelDef.R BUGS_model.R BUGS_graphNodeMaps.R BUGS_readBUGS.R BUGS_macros.R BUGS_testBUGS.R BUGS_getDependencies.R BUGS_utils.R BUGS_mathCompatibility.R externalCalls.R genCpp_exprClass.R genCpp_operatorLists.R genCpp_RparseTree2exprClasses.R genCpp_initSizes.R genCpp_buildIntermediates.R genCpp_processSpecificCalls.R genCpp_sizeProcessing.R genCpp_toEigenize.R genCpp_insertAssertions.R genCpp_maps.R genCpp_liftMaps.R genCpp_eigenization.R genCpp_addDebugMarks.R genCpp_generateCpp.R RCfunction_core.R RCfunction_compile.R nimbleFunction_util.R nimbleFunction_core.R nimbleFunction_nodeFunction.R nimbleFunction_nodeFunctionNew.R nimbleFunction_Rderivs.R nimbleFunction_Rexecution.R nimbleFunction_compile.R nimbleFunction_keywordProcessing.R nimbleList_core.R types_util.R types_symbolTable.R types_modelValues.R types_modelValuesAccessor.R types_modelVariableAccessor.R types_nimbleFunctionList.R types_nodeFxnVector.R types_numericLists.R cppDefs_utils.R cppDefs_variables.R cppDefs_core.R cppDefs_namedObjects.R cppDefs_ADtools.R cppDefs_BUGSmodel.R cppDefs_RCfunction.R cppDefs_nimbleFunction.R cppDefs_nimbleList.R cppDefs_modelValues.R cppDefs_cppProject.R cppDefs_outputCppFromRparseTree.R cppInterfaces_utils.R cppInterfaces_models.R cppInterfaces_modelValues.R cppInterfaces_nimbleFunctions.R cppInterfaces_otherTypes.R nimbleProject.R initializeModel.R parameterTransform.R CAR.R Laplace.R MCMC_utils.R MCMC_configuration.R MCMC_build.R MCMC_run.R MCMC_samplers.R MCMC_conjugacy.R MCMC_autoBlock.R MCMC_RJ.R MCMC_WAIC.R MCEM_build.R crossValidation.R BNP_distributions.R BNP_samplers.R NF_utils.R miscFunctions.R makevars.R setNimbleInternalFunctions.R registration.R nimble-package.r QuadratureGrids.R zzz.R",
      "RoxygenNote": "7.3.1",
      "NeedsCompilation": "yes",
      "Author": "Perry de Valpine [aut], Christopher Paciorek [aut, cre], Daniel Turek [aut], Nick Michaud [aut], Cliff Anderson-Bergman [aut], Fritz Obermeyer [aut], Claudia Wehrhahn Cortes [aut] (Bayesian nonparametrics system), Abel Rodríguez [aut] (Bayesian nonparametrics system), Duncan Temple Lang [aut] (packaging configuration), Wei Zhang [aut] (Laplace approximation), Sally Paganin [aut] (reversible jump MCMC), Joshua Hug [aut] (WAIC), Paul van Dam-Bates [aut] (AGHQ approximation, Pólya-Gamma sampler, nimIntegrate), Jagadish Babu [ctb] (code for the compilation system for an early version of NIMBLE), Lauren Ponisio [ctb] (contributions to the cross-validation code), Peter Sujan [ctb] (multivariate t distribution code)",
      "Repository": "CRAN"
    },
    "numDeriv": {
      "Package": "numDeriv",
      "Version": "2016.8-1.1",
      "Source": "Repository",
      "Title": "Accurate Numerical Derivatives",
      "Description": "Methods for calculating (usually) accurate numerical first and second order derivatives. Accurate calculations  are done using 'Richardson''s' extrapolation or, when applicable, a complex step derivative is available. A simple difference  method is also provided. Simple difference is (usually) less accurate but is much quicker than 'Richardson''s' extrapolation and provides a  useful cross-check.  Methods are provided for real scalar and vector valued functions.",
      "Depends": [
        "R (>= 2.11.1)"
      ],
      "LazyLoad": "yes",
      "ByteCompile": "yes",
      "License": "GPL-2",
      "Copyright": "2006-2011, Bank of Canada. 2012-2016, Paul Gilbert",
      "Author": "Paul Gilbert and Ravi Varadhan",
      "Maintainer": "Paul Gilbert <pgilbert.ttv9z@ncf.ca>",
      "URL": "http://optimizer.r-forge.r-project.org/",
      "NeedsCompilation": "no",
      "Repository": "CRAN"
    },
    "pkgconfig": {
      "Package": "pkgconfig",
      "Version": "2.0.3",
      "Source": "Repository",
      "Title": "Private Configuration for 'R' Packages",
      "Author": "Gábor Csárdi",
      "Maintainer": "Gábor Csárdi <csardi.gabor@gmail.com>",
      "Description": "Set configuration options on a per-package basis. Options set by a given package only apply to that package, other packages are unaffected.",
      "License": "MIT + file LICENSE",
      "LazyData": "true",
      "Imports": [
        "utils"
      ],
      "Suggests": [
        "covr",
        "testthat",
        "disposables (>= 1.0.3)"
      ],
      "URL": "https://github.com/r-lib/pkgconfig#readme",
      "BugReports": "https://github.com/r-lib/pkgconfig/issues",
      "Encoding": "UTF-8",
      "NeedsCompilation": "no",
      "Repository": "CRAN"
    },
    "pracma": {
      "Package": "pracma",
      "Version": "2.4.4",
      "Source": "Repository",
      "Type": "Package",
      "Date": "2023-11-08",
      "Title": "Practical Numerical Math Functions",
      "Authors@R": "person(\"Hans W.\", \"Borchers\",  email=\"hwborchers@googlemail.com\",  role=c(\"aut\", \"cre\"))",
      "Depends": [
        "R (>= 3.1.0)"
      ],
      "Imports": [
        "graphics",
        "grDevices",
        "stats",
        "utils"
      ],
      "Suggests": [
        "NlcOptim",
        "quadprog"
      ],
      "Description": "Provides a large number of functions from numerical analysis and linear algebra, numerical optimization, differential equations, time series, plus some well-known special mathematical functions. Uses 'MATLAB' function names where appropriate to simplify porting.",
      "License": "GPL (>= 3)",
      "ByteCompile": "true",
      "LazyData": "yes",
      "NeedsCompilation": "no",
      "Author": "Hans W. Borchers [aut, cre]",
      "Maintainer": "Hans W. Borchers <hwborchers@googlemail.com>",
      "Repository": "CRAN"
    },
    "renv": {
      "Package": "renv",
      "Version": "1.1.5",
      "Source": "Repository",
      "Type": "Package",
      "Title": "Project Environments",
      "Authors@R": "c( person(\"Kevin\", \"Ushey\", role = c(\"aut\", \"cre\"), email = \"kevin@rstudio.com\", comment = c(ORCID = \"0000-0003-2880-7407\")), person(\"Hadley\", \"Wickham\", role = c(\"aut\"), email = \"hadley@rstudio.com\", comment = c(ORCID = \"0000-0003-4757-117X\")), person(\"Posit Software, PBC\", role = c(\"cph\", \"fnd\")) )",
      "Description": "A dependency management toolkit for R. Using 'renv', you can create and manage project-local R libraries, save the state of these libraries to a 'lockfile', and later restore your library as required. Together, these tools can help make your projects more isolated, portable, and reproducible.",
      "License": "MIT + file LICENSE",
      "URL": "https://rstudio.github.io/renv/, https://github.com/rstudio/renv",
      "BugReports": "https://github.com/rstudio/renv/issues",
      "Imports": [
        "utils"
      ],
      "Suggests": [
        "BiocManager",
        "cli",
        "compiler",
        "covr",
        "cpp11",
        "devtools",
        "generics",
        "gitcreds",
        "jsonlite",
        "jsonvalidate",
        "knitr",
        "miniUI",
        "modules",
        "packrat",
        "pak",
        "R6",
        "remotes",
        "reticulate",
        "rmarkdown",
        "rstudioapi",
        "shiny",
        "testthat",
        "uuid",
        "waldo",
        "yaml",
        "webfakes"
      ],
      "Encoding": "UTF-8",
      "RoxygenNote": "7.3.2",
      "VignetteBuilder": "knitr",
      "Config/Needs/website": "tidyverse/tidytemplate",
      "Config/testthat/edition": "3",
      "Config/testthat/parallel": "true",
      "Config/testthat/start-first": "bioconductor,python,install,restore,snapshot,retrieve,remotes",
      "NeedsCompilation": "no",
      "Author": "Kevin Ushey [aut, cre] (ORCID: <https://orcid.org/0000-0003-2880-7407>), Hadley Wickham [aut] (ORCID: <https://orcid.org/0000-0003-4757-117X>), Posit Software, PBC [cph, fnd]",
      "Maintainer": "Kevin Ushey <kevin@rstudio.com>",
      "Repository": "CRAN"
    },
    "rlang": {
      "Package": "rlang",
      "Version": "1.2.0",
      "Source": "Repository",
      "Title": "Functions for Base Types and Core R and 'Tidyverse' Features",
      "Description": "A toolbox for working with base types, core R features like the condition system, and core 'Tidyverse' features like tidy evaluation.",
      "Authors@R": "c( person(\"Lionel\", \"Henry\", ,\"lionel@posit.co\", c(\"aut\", \"cre\")), person(\"Hadley\", \"Wickham\", ,\"hadley@posit.co\", \"aut\"), person(given = \"mikefc\", email = \"mikefc@coolbutuseless.com\", role = \"cph\", comment = \"Hash implementation based on Mike's xxhashlite\"), person(given = \"Yann\", family = \"Collet\", role = \"cph\", comment = \"Author of the embedded xxHash library\"), person(given = \"Posit, PBC\", role = c(\"cph\", \"fnd\")) )",
      "License": "MIT + file LICENSE",
      "ByteCompile": "true",
      "Biarch": "true",
      "Depends": [
        "R (>= 4.0.0)"
      ],
      "Imports": [
        "utils"
      ],
      "Suggests": [
        "cli (>= 3.1.0)",
        "covr",
        "crayon",
        "desc",
        "fs",
        "glue",
        "knitr",
        "magrittr",
        "methods",
        "pillar",
        "pkgload",
        "rmarkdown",
        "stats",
        "testthat (>= 3.3.2)",
        "tibble",
        "usethis",
        "vctrs (>= 0.2.3)",
        "withr"
      ],
      "Enhances": [
        "winch"
      ],
      "Encoding": "UTF-8",
      "RoxygenNote": "7.3.3",
      "URL": "https://rlang.r-lib.org, https://github.com/r-lib/rlang",
      "BugReports": "https://github.com/r-lib/rlang/issues",
      "Config/build/compilation-database": "true",
      "Config/testthat/edition": "3",
      "Config/Needs/website": "dplyr, tidyverse/tidytemplate",
      "NeedsCompilation": "yes",
      "Author": "Lionel Henry [aut, cre], Hadley Wickham [aut], mikefc [cph] (Hash implementation based on Mike's xxhashlite), Yann Collet [cph] (Author of the embedded xxHash library), Posit, PBC [cph, fnd]",
      "Maintainer": "Lionel Henry <lionel@posit.co>",
      "Repository": "CRAN"
    },
    "vctrs": {
      "Package": "vctrs",
      "Version": "0.6.5",
      "Source": "Repository",
      "Title": "Vector Helpers",
      "Authors@R": "c( person(\"Hadley\", \"Wickham\", , \"hadley@posit.co\", role = \"aut\"), person(\"Lionel\", \"Henry\", , \"lionel@posit.co\", role = \"aut\"), person(\"Davis\", \"Vaughan\", , \"davis@posit.co\", role = c(\"aut\", \"cre\")), person(\"data.table team\", role = \"cph\", comment = \"Radix sort based on data.table's forder() and their contribution to R's order()\"), person(\"Posit Software, PBC\", role = c(\"cph\", \"fnd\")) )",
      "Description": "Defines new notions of prototype and size that are used to provide tools for consistent and well-founded type-coercion and size-recycling, and are in turn connected to ideas of type- and size-stability useful for analysing function interfaces.",
      "License": "MIT + file LICENSE",
      "URL": "https://vctrs.r-lib.org/, https://github.com/r-lib/vctrs",
      "BugReports": "https://github.com/r-lib/vctrs/issues",
      "Depends": [
        "R (>= 3.5.0)"
      ],
      "Imports": [
        "cli (>= 3.4.0)",
        "glue",
        "lifecycle (>= 1.0.3)",
        "rlang (>= 1.1.0)"
      ],
      "Suggests": [
        "bit64",
        "covr",
        "crayon",
        "dplyr (>= 0.8.5)",
        "generics",
        "knitr",
        "pillar (>= 1.4.4)",
        "pkgdown (>= 2.0.1)",
        "rmarkdown",
        "testthat (>= 3.0.0)",
        "tibble (>= 3.1.3)",
        "waldo (>= 0.2.0)",
        "withr",
        "xml2",
        "zeallot"
      ],
      "VignetteBuilder": "knitr",
      "Config/Needs/website": "tidyverse/tidytemplate",
      "Config/testthat/edition": "3",
      "Encoding": "UTF-8",
      "Language": "en-GB",
      "RoxygenNote": "7.2.3",
      "NeedsCompilation": "yes",
      "Author": "Hadley Wickham [aut], Lionel Henry [aut], Davis Vaughan [aut, cre], data.table team [cph] (Radix sort based on data.table's forder() and their contribution to R's order()), Posit Software, PBC [cph, fnd]",
      "Maintainer": "Davis Vaughan <davis@posit.co>",
      "Repository": "CRAN"
    }
  }
}
